Microsoft Visual Studio Solution File, Format Version 12.00
# Visual Studio 15
VisualStudioVersion = 15.0.26823.1
MinimumVisualStudioVersion = 15.0.26124.0
Project("{9A19103F-16F7-4668-BE54-9A1E7A4F7556}") = "Samples.Mvc5.EFCore", "wwwroot\Samples.Mvc5.EFCore.csproj", "{DB955DC3-7CA3-4D65-B246-89628737D854}"
EndProject
Project("{2150E333-8FDC-42A3-9474-1A3956D46DE8}") = "src", "src", "{99343E1A-53DF-4BB4-895B-462D7C49DB38}"
EndProject
Project("{9A19103F-16F7-4668-BE54-9A1E7A4F7556}") = "MiniProfiler", "src\MiniProfiler\MiniProfiler.csproj", "{055826B7-F2AE-479F-ADE2-4FB839E82484}"
EndProject
Project("{9A19103F-16F7-4668-BE54-9A1E7A4F7556}") = "MiniProfiler.Shared", "src\MiniProfiler.Shared\MiniProfiler.Shared.csproj", "{4C459F6E-9594-4910-845F-EAEDC702FF36}"
EndProject
Project("{9A19103F-16F7-4668-BE54-9A1E7A4F7556}") = "MiniProfiler.Providers.SqlServer", "src\MiniProfiler.Providers.SqlServer\MiniProfiler.Providers.SqlServer.csproj", "{58D6DF73-60D2-4C0C-B724-5067B3442F54}"
EndProject
Project("{9A19103F-16F7-4668-BE54-9A1E7A4F7556}") = "MiniProfiler.Mvc5", "src\MiniProfiler.Mvc5\MiniProfiler.Mvc5.csproj", "{E9A4571C-C7B5-48F2-B40C-96AC0E497B57}"
EndProject
Project("{9A19103F-16F7-4668-BE54-9A1E7A4F7556}") = "MiniProfiler.EFCore", "src\MiniProfiler.EntityFrameworkCore\MiniProfiler.EFCore.csproj", "{4EC8ECA3-0BAD-482B-A898-E2750364C0A7}"
EndProject
Project("{2150E333-8FDC-42A3-9474-1A3956D46DE8}") = "Solution Items", "Solution Items", "{F6FB7D14-E723-4426-A13A-B00D5E45B446}"
	ProjectSection(SolutionItems) = preProject
		build.ps1 = build.ps1
		src\Directory.build.props = src\Directory.build.props
		global.json = global.json
		gulpfile.js = gulpfile.js
	EndProjectSection
EndProject
Global
	GlobalSection(SolutionConfigurationPlatforms) = preSolution
		Debug|Any CPU = Debug|Any CPU
		Debug|x64 = Debug|x64
		Debug|x86 = Debug|x86
		Release|Any CPU = Release|Any CPU
		Release|x64 = Release|x64
		Release|x86 = Release|x86
	EndGlobalSection
	GlobalSection(ProjectConfigurationPlatforms) = postSolution
		{DB955DC3-7CA3-4D65-B246-89628737D854}.Debug|Any CPU.ActiveCfg = Debug|Any CPU
		{DB955DC3-7CA3-4D65-B246-89628737D854}.Debug|Any CPU.Build.0 = Debug|Any CPU
		{DB955DC3-7CA3-4D65-B246-89628737D854}.Debug|x64.ActiveCfg = Debug|Any CPU
		{DB955DC3-7CA3-4D65-B246-89628737D854}.Debug|x64.Build.0 = Debug|Any CPU
		{DB955DC3-7CA3-4D65-B246-89628737D854}.Debug|x86.ActiveCfg = Debug|Any CPU
		{DB955DC3-7CA3-4D65-B246-89628737D854}.Debug|x86.Build.0 = Debug|Any CPU
		{DB955DC3-7CA3-4D65-B246-89628737D854}.Release|Any CPU.ActiveCfg = Release|Any CPU
		{DB955DC3-7CA3-4D65-B246-89628737D854}.Release|Any CPU.Build.0 = Release|Any CPU
		{DB955DC3-7CA3-4D65-B246-89628737D854}.Release|x64.ActiveCfg = Release|Any CPU
		{DB955DC3-7CA3-4D65-B246-89628737D854}.Release|x64.Build.0 = Release|Any CPU
		{DB955DC3-7CA3-4D65-B246-89628737D854}.Release|x86.ActiveCfg = Release|Any CPU
		{DB955DC3-7CA3-4D65-B246-89628737D854}.Release|x86.Build.0 = Release|Any CPU
		{055826B7-F2AE-479F-ADE2-4FB839E82484}.Debug|Any CPU.ActiveCfg = Debug|Any CPU
		{055826B7-F2AE-479F-ADE2-4FB839E82484}.Debug|Any CPU.Build.0 = Debug|Any CPU
		{055826B7-F2AE-479F-ADE2-4FB839E82484}.Debug|x64.ActiveCfg = Debug|Any CPU
		{055826B7-F2AE-479F-ADE2-4FB839E82484}.Debug|x64.Build.0 = Debug|Any CPU
		{055826B7-F2AE-479F-ADE2-4FB839E82484}.Debug|x86.ActiveCfg = Debug|Any CPU
		{055826B7-F2AE-479F-ADE2-4FB839E82484}.Debug|x86.Build.0 = Debug|Any CPU
		{055826B7-F2AE-479F-ADE2-4FB839E82484}.Release|Any CPU.ActiveCfg = Release|Any CPU
		{055826B7-F2AE-479F-ADE2-4FB839E82484}.Release|Any CPU.Build.0 = Release|Any CPU
		{055826B7-F2AE-479F-ADE2-4FB839E82484}.Release|x64.ActiveCfg = Release|Any CPU
		{055826B7-F2AE-479F-ADE2-4FB839E82484}.Release|x64.Build.0 = Release|Any CPU
		{055826B7-F2AE-479F-ADE2-4FB839E82484}.Release|x86.ActiveCfg = Release|Any CPU
		{055826B7-F2AE-479F-ADE2-4FB839E82484}.Release|x86.Build.0 = Release|Any CPU
		{4C459F6E-9594-4910-845F-EAEDC702FF36}.Debug|Any CPU.ActiveCfg = Debug|Any CPU
		{4C459F6E-9594-4910-845F-EAEDC702FF36}.Debug|Any CPU.Build.0 = Debug|Any CPU
		{4C459F6E-9594-4910-845F-EAEDC702FF36}.Debug|x64.ActiveCfg = Debug|Any CPU
		{4C459F6E-9594-4910-845F-EAEDC702FF36}.Debug|x64.Build.0 = Debug|Any CPU
		{4C459F6E-9594-4910-845F-EAEDC702FF36}.Debug|x86.ActiveCfg = Debug|Any CPU
		{4C459F6E-9594-4910-845F-EAEDC702FF36}.Debug|x86.Build.0 = Debug|Any CPU
		{4C459F6E-9594-4910-845F-EAEDC702FF36}.Release|Any CPU.ActiveCfg = Release|Any CPU
		{4C459F6E-9594-4910-845F-EAEDC702FF36}.Release|Any CPU.Build.0 = Release|Any CPU
		{4C459F6E-9594-4910-845F-EAEDC702FF36}.Release|x64.ActiveCfg = Release|Any CPU
		{4C459F6E-9594-4910-845F-EAEDC702FF36}.Release|x64.Build.0 = Release|Any CPU
		{4C459F6E-9594-4910-845F-EAEDC702FF36}.Release|x86.ActiveCfg = Release|Any CPU
		{4C459F6E-9594-4910-845F-EAEDC702FF36}.Release|x86.Build.0 = Release|Any CPU
		{58D6DF73-60D2-4C0C-B724-5067B3442F54}.Debug|Any CPU.ActiveCfg = Debug|Any CPU
		{58D6DF73-60D2-4C0C-B724-5067B3442F54}.Debug|Any CPU.Build.0 = Debug|Any CPU
		{58D6DF73-60D2-4C0C-B724-5067B3442F54}.Debug|x64.ActiveCfg = Debug|Any CPU
		{58D6DF73-60D2-4C0C-B724-5067B3442F54}.Debug|x64.Build.0 = Debug|Any CPU
		{58D6DF73-60D2-4C0C-B724-5067B3442F54}.Debug|x86.ActiveCfg = Debug|Any CPU
		{58D6DF73-60D2-4C0C-B724-5067B3442F54}.Debug|x86.Build.0 = Debug|Any CPU
		{58D6DF73-60D2-4C0C-B724-5067B3442F54}.Release|Any CPU.ActiveCfg = Release|Any CPU
		{58D6DF73-60D2-4C0C-B724-5067B3442F54}.Release|Any CPU.Build.0 = Release|Any CPU
		{58D6DF73-60D2-4C0C-B724-5067B3442F54}.Release|x64.ActiveCfg = Release|Any CPU
		{58D6DF73-60D2-4C0C-B724-5067B3442F54}.Release|x64.Build.0 = Release|Any CPU
		{58D6DF73-60D2-4C0C-B724-5067B3442F54}.Release|x86.ActiveCfg = Release|Any CPU
		{58D6DF73-60D2-4C0C-B724-5067B3442F54}.Release|x86.Build.0 = Release|Any CPU
		{E9A4571C-C7B5-48F2-B40C-96AC0E497B57}.Debug|Any CPU.ActiveCfg = Debug|Any CPU
		{E9A4571C-C7B5-48F2-B40C-96AC0E497B57}.Debug|Any CPU.Build.0 = Debug|Any CPU
		{E9A4571C-C7B5-48F2-B40C-96AC0E497B57}.Debug|x64.ActiveCfg = Debug|Any CPU
		{E9A4571C-C7B5-48F2-B40C-96AC0E497B57}.Debug|x64.Build.0 = Debug|Any CPU
		{E9A4571C-C7B5-48F2-B40C-96AC0E497B57}.Debug|x86.ActiveCfg = Debug|Any CPU
		{E9A4571C-C7B5-48F2-B40C-96AC0E497B57}.Debug|x86.Build.0 = Debug|Any CPU
		{E9A4571C-C7B5-48F2-B40C-96AC0E497B57}.Release|Any CPU.ActiveCfg = Release|Any CPU
		{E9A4571C-C7B5-48F2-B40C-96AC0E497B57}.Release|Any CPU.Build.0 = Release|Any CPU
		{E9A4571C-C7B5-48F2-B40C-96AC0E497B57}.Release|x64.ActiveCfg = Release|Any CPU
		{E9A4571C-C7B5-48F2-B40C-96AC0E497B57}.Release|x64.Build.0 = Release|Any CPU
		{E9A4571C-C7B5-48F2-B40C-96AC0E497B57}.Release|x86.ActiveCfg = Release|Any CPU
		{E9A4571C-C7B5-48F2-B40C-96AC0E497B57}.Release|x86.Build.0 = Release|Any CPU
		{4EC8ECA3-0BAD-482B-A898-E2750364C0A7}.Debug|Any CPU.ActiveCfg = Debug|Any CPU
		{4EC8ECA3-0BAD-482B-A898-E2750364C0A7}.Debug|Any CPU.Build.0 = Debug|Any CPU
		{4EC8ECA3-0BAD-482B-A898-E2750364C0A7}.Debug|x64.ActiveCfg = Debug|Any CPU
		{4EC8ECA3-0BAD-482B-A898-E2750364C0A7}.Debug|x64.Build.0 = Debug|Any CPU
		{4EC8ECA3-0BAD-482B-A898-E2750364C0A7}.Debug|x86.ActiveCfg = Debug|Any CPU
		{4EC8ECA3-0BAD-482B-A898-E2750364C0A7}.Debug|x86.Build.0 = Debug|Any CPU
		{4EC8ECA3-0BAD-482B-A898-E2750364C0A7}.Release|Any CPU.ActiveCfg = Release|Any CPU
		{4EC8ECA3-0BAD-482B-A898-E2750364C0A7}.Release|Any CPU.Build.0 = Release|Any CPU
		{4EC8ECA3-0BAD-482B-A898-E2750364C0A7}.Release|x64.ActiveCfg = Release|Any CPU
		{4EC8ECA3-0BAD-482B-A898-E2750364C0A7}.Release|x64.Build.0 = Release|Any CPU
		{4EC8ECA3-0BAD-482B-A898-E2750364C0A7}.Release|x86.ActiveCfg = Release|Any CPU
		{4EC8ECA3-0BAD-482B-A898-E2750364C0A7}.Release|x86.Build.0 = Release|Any CPU
	EndGlobalSection
	GlobalSection(SolutionProperties) = preSolution
		HideSolutionNode = FALSE
	EndGlobalSection
	GlobalSection(NestedProjects) = preSolution
		{055826B7-F2AE-479F-ADE2-4FB839E82484} = {99343E1A-53DF-4BB4-895B-462D7C49DB38}
		{4C459F6E-9594-4910-845F-EAEDC702FF36} = {99343E1A-53DF-4BB4-895B-462D7C49DB38}
		{58D6DF73-60D2-4C0C-B724-5067B3442F54} = {99343E1A-53DF-4BB4-895B-462D7C49DB38}
		{E9A4571C-C7B5-48F2-B40C-96AC0E497B57} = {99343E1A-53DF-4BB4-895B-462D7C49DB38}
		{4EC8ECA3-0BAD-482B-A898-E2750364C0A7} = {99343E1A-53DF-4BB4-895B-462D7C49DB38}
	EndGlobalSection
	GlobalSection(ExtensibilityGlobals) = postSolution
		SolutionGuid = {9DC09FA5-F9E2-4FE8-A1B4-6A092AC8179D}
	EndGlobalSection
EndGlobal
